
Microsoft Visual Studio Solution File, Format Version 12.00
# Visual Studio 15
VisualStudioVersion = 15.0.27703.2047
MinimumVisualStudioVersion = 10.0.40219.1
Project("{FAE04EC0-301F-11D3-BF4B-00C04F79EFBC}") = "SitePessoal", "SitePessoal\SitePessoal.csproj", "{CCED93F3-B46C-4F8F-97D3-41899073A135}"
EndProject
Global
	GlobalSection(SolutionConfigurationPlatforms) = preSolution
		Debug|Any CPU = Debug|Any CPU
		Release|Any CPU = Release|Any CPU
	EndGlobalSection
	GlobalSection(ProjectConfigurationPlatforms) = postSolution
		{CCED93F3-B46C-4F8F-97D3-41899073A135}.Debug|Any CPU.ActiveCfg = Debug|Any CPU
		{CCED93F3-B46C-4F8F-97D3-41899073A135}.Debug|Any CPU.Build.0 = Debug|Any CPU
		{CCED93F3-B46C-4F8F-97D3-41899073A135}.Release|Any CPU.ActiveCfg = Release|Any CPU
		{CCED93F3-B46C-4F8F-97D3-41899073A135}.Release|Any CPU.Build.0 = Release|Any CPU
	EndGlobalSection
	GlobalSection(SolutionProperties) = preSolution
		HideSolutionNode = FALSE
	EndGlobalSection
	GlobalSection(ExtensibilityGlobals) = postSolution
		SolutionGuid = {15CDD263-B206-44FA-974D-87B6157B223E}
	EndGlobalSection
EndGlobal
