
Microsoft Visual Studio Solution File, Format Version 12.00
# Visual Studio 15
VisualStudioVersion = 15.0.27703.2047
MinimumVisualStudioVersion = 10.0.40219.1
Project("{FAE04EC0-301F-11D3-BF4B-00C04F79EFBC}") = "SiteEmpresarial", "SiteEmpresarial\SiteEmpresarial.csproj", "{2E182FFD-5D3F-4349-B875-87407C3260B9}"
EndProject
Global
	GlobalSection(SolutionConfigurationPlatforms) = preSolution
		Debug|Any CPU = Debug|Any CPU
		Release|Any CPU = Release|Any CPU
	EndGlobalSection
	GlobalSection(ProjectConfigurationPlatforms) = postSolution
		{2E182FFD-5D3F-4349-B875-87407C3260B9}.Debug|Any CPU.ActiveCfg = Debug|Any CPU
		{2E182FFD-5D3F-4349-B875-87407C3260B9}.Debug|Any CPU.Build.0 = Debug|Any CPU
		{2E182FFD-5D3F-4349-B875-87407C3260B9}.Release|Any CPU.ActiveCfg = Release|Any CPU
		{2E182FFD-5D3F-4349-B875-87407C3260B9}.Release|Any CPU.Build.0 = Release|Any CPU
	EndGlobalSection
	GlobalSection(SolutionProperties) = preSolution
		HideSolutionNode = FALSE
	EndGlobalSection
	GlobalSection(ExtensibilityGlobals) = postSolution
		SolutionGuid = {DF3FA40C-6FB1-4745-BEEB-CAFBA490A7E7}
	EndGlobalSection
EndGlobal
